
Microsoft Visual Studio Solution File, Format Version 12.00
# Visual Studio 2017
Project("{FAE04EC0-301F-11D3-BF4B-00C04F79EFBC}") = "Mega Man  X Chronicles", "Mega Man  X Chronicles.csproj", "{69FE5399-E81F-110C-5F30-2305D7045F51}"
EndProject
Global
	GlobalSection(SolutionConfigurationPlatforms) = preSolution
		Debug|Any CPU = Debug|Any CPU
		Release|Any CPU = Release|Any CPU
	EndGlobalSection
	GlobalSection(ProjectConfigurationPlatforms) = postSolution
		{69FE5399-E81F-110C-5F30-2305D7045F51}.Debug|Any CPU.ActiveCfg = Debug|Any CPU
		{69FE5399-E81F-110C-5F30-2305D7045F51}.Debug|Any CPU.Build.0 = Debug|Any CPU
		{69FE5399-E81F-110C-5F30-2305D7045F51}.Release|Any CPU.ActiveCfg = Release|Any CPU
		{69FE5399-E81F-110C-5F30-2305D7045F51}.Release|Any CPU.Build.0 = Release|Any CPU
	EndGlobalSection
	GlobalSection(SolutionProperties) = preSolution
		HideSolutionNode = FALSE
	EndGlobalSection
EndGlobal
